
Microsoft Visual Studio Solution File, Format Version 12.00
# Visual Studio Version 16
VisualStudioVersion = 16.0.33529.622
MinimumVisualStudioVersion = 10.0.40219.1
Project("{D2ABAB84-BF74-430A-B69E-9DC6D40DDA17}") = "ProyectoMultidimensional_tpi_bi", "ProyectoMultidimensional_tpi_bi.dwproj", "{20845563-D821-4FC2-9692-A585E13F99F9}"
EndProject
Global
	GlobalSection(SolutionConfigurationPlatforms) = preSolution
		Development|Default = Development|Default
	EndGlobalSection
	GlobalSection(ProjectConfigurationPlatforms) = postSolution
		{20845563-D821-4FC2-9692-A585E13F99F9}.Development|Default.ActiveCfg = Development
		{20845563-D821-4FC2-9692-A585E13F99F9}.Development|Default.Build.0 = Development
		{20845563-D821-4FC2-9692-A585E13F99F9}.Development|Default.Deploy.0 = Development
	EndGlobalSection
	GlobalSection(SolutionProperties) = preSolution
		HideSolutionNode = FALSE
	EndGlobalSection
	GlobalSection(ExtensibilityGlobals) = postSolution
		SolutionGuid = {E0931F5D-8F31-4991-ADF7-4097B27EEE60}
	EndGlobalSection
EndGlobal
